
Microsoft Visual Studio Solution File, Format Version 12.00
# Visual Studio Version 16
VisualStudioVersion = 16.0.30320.27
MinimumVisualStudioVersion = 10.0.40219.1
Project("{FAE04EC0-301F-11D3-BF4B-00C04F79EFBC}") = "FishtankSample", "FishtankSample\FishtankSample.csproj", "{0F98A3CF-2DE7-4D0D-965F-922676CE0DFD}"
EndProject
Project("{FAE04EC0-301F-11D3-BF4B-00C04F79EFBC}") = "FishtankSample.Tests", "FishtankSample.Tests\FishtankSample.Tests.csproj", "{C20F6B88-D2BD-47BE-ACD3-8606DFAA9B18}"
EndProject
Global
	GlobalSection(SolutionConfigurationPlatforms) = preSolution
		Debug|Any CPU = Debug|Any CPU
		Release|Any CPU = Release|Any CPU
	EndGlobalSection
	GlobalSection(ProjectConfigurationPlatforms) = postSolution
		{0F98A3CF-2DE7-4D0D-965F-922676CE0DFD}.Debug|Any CPU.ActiveCfg = Debug|Any CPU
		{0F98A3CF-2DE7-4D0D-965F-922676CE0DFD}.Debug|Any CPU.Build.0 = Debug|Any CPU
		{0F98A3CF-2DE7-4D0D-965F-922676CE0DFD}.Release|Any CPU.ActiveCfg = Release|Any CPU
		{0F98A3CF-2DE7-4D0D-965F-922676CE0DFD}.Release|Any CPU.Build.0 = Release|Any CPU
		{C20F6B88-D2BD-47BE-ACD3-8606DFAA9B18}.Debug|Any CPU.ActiveCfg = Debug|Any CPU
		{C20F6B88-D2BD-47BE-ACD3-8606DFAA9B18}.Debug|Any CPU.Build.0 = Debug|Any CPU
		{C20F6B88-D2BD-47BE-ACD3-8606DFAA9B18}.Release|Any CPU.ActiveCfg = Release|Any CPU
		{C20F6B88-D2BD-47BE-ACD3-8606DFAA9B18}.Release|Any CPU.Build.0 = Release|Any CPU
	EndGlobalSection
	GlobalSection(SolutionProperties) = preSolution
		HideSolutionNode = FALSE
	EndGlobalSection
	GlobalSection(ExtensibilityGlobals) = postSolution
		SolutionGuid = {2D026844-8313-4381-B50B-BE96BD4F3470}
	EndGlobalSection
EndGlobal
